
Microsoft Visual Studio Solution File, Format Version 12.00
# Visual Studio 15
VisualStudioVersion = 15.0.28010.2050
MinimumVisualStudioVersion = 10.0.40219.1
Project("{9A19103F-16F7-4668-BE54-9A1E7A4F7556}") = "Smc", "Compiler\Smc.csproj", "{7F272719-ED81-4177-AD9C-D2C21EC783E3}"
EndProject
Project("{9A19103F-16F7-4668-BE54-9A1E7A4F7556}") = "Smc.Tests", "Tests\Smc.Tests.csproj", "{5AD690E0-2D46-4D6C-8636-7ECDB4D7457F}"
EndProject
Global
	GlobalSection(SolutionConfigurationPlatforms) = preSolution
		Debug|Any CPU = Debug|Any CPU
		Release|Any CPU = Release|Any CPU
	EndGlobalSection
	GlobalSection(ProjectConfigurationPlatforms) = postSolution
		{7F272719-ED81-4177-AD9C-D2C21EC783E3}.Debug|Any CPU.ActiveCfg = Debug|Any CPU
		{7F272719-ED81-4177-AD9C-D2C21EC783E3}.Debug|Any CPU.Build.0 = Debug|Any CPU
		{7F272719-ED81-4177-AD9C-D2C21EC783E3}.Release|Any CPU.ActiveCfg = Release|Any CPU
		{7F272719-ED81-4177-AD9C-D2C21EC783E3}.Release|Any CPU.Build.0 = Release|Any CPU
		{5AD690E0-2D46-4D6C-8636-7ECDB4D7457F}.Debug|Any CPU.ActiveCfg = Debug|Any CPU
		{5AD690E0-2D46-4D6C-8636-7ECDB4D7457F}.Debug|Any CPU.Build.0 = Debug|Any CPU
		{5AD690E0-2D46-4D6C-8636-7ECDB4D7457F}.Release|Any CPU.ActiveCfg = Release|Any CPU
		{5AD690E0-2D46-4D6C-8636-7ECDB4D7457F}.Release|Any CPU.Build.0 = Release|Any CPU
	EndGlobalSection
	GlobalSection(SolutionProperties) = preSolution
		HideSolutionNode = FALSE
	EndGlobalSection
	GlobalSection(ExtensibilityGlobals) = postSolution
		SolutionGuid = {6BDB5B91-5041-4330-A0DA-FB2237D50B7B}
	EndGlobalSection
EndGlobal
